github.com/cespare/xxhash/v2 v2.1.2 h1:YRXhKfTDauu4ajMg1TPgFO5jnlC2HCbmLXMcTG5cbYE=
github.com/cespare/xxhash/v2 v2.1.2/go.mod h1:VGX0DQ3Q6kWi7AoAeZDth3/j3BFtOZR5XLFGgcrjCOs=
github.com/cwbriscoe/testy v0.0.0-20200202033126-413de244ac39 h1:MM+n2E9AZwTCYzPmJ5NvTBg4aSL9tKm+D5WgHIy+9as=
github.com/cwbriscoe/testy v0.0.0-20200202033126-413de244ac39/go.mod h1:fBBPrBmtoyAQVgD5ynw6PQrr2gBP4H5QFEKfT7J5Rvw=
